
Microsoft Visual Studio Solution File, Format Version 12.00
# Visual Studio Version 17
VisualStudioVersion = 17.8.34322.80
MinimumVisualStudioVersion = 10.0.40219.1
Project("{FAE04EC0-301F-11D3-BF4B-00C04F79EFBC}") = "ChallengeApp", "ChallengeApp\ChallengeApp.csproj", "{1C2D60E7-E1F8-4610-A64F-DEF1F57C3F3C}"
EndProject
Global
	GlobalSection(SolutionConfigurationPlatforms) = preSolution
		Debug|Any CPU = Debug|Any CPU
		Release|Any CPU = Release|Any CPU
	EndGlobalSection
	GlobalSection(ProjectConfigurationPlatforms) = postSolution
		{1C2D60E7-E1F8-4610-A64F-DEF1F57C3F3C}.Debug|Any CPU.ActiveCfg = Debug|Any CPU
		{1C2D60E7-E1F8-4610-A64F-DEF1F57C3F3C}.Debug|Any CPU.Build.0 = Debug|Any CPU
		{1C2D60E7-E1F8-4610-A64F-DEF1F57C3F3C}.Release|Any CPU.ActiveCfg = Release|Any CPU
		{1C2D60E7-E1F8-4610-A64F-DEF1F57C3F3C}.Release|Any CPU.Build.0 = Release|Any CPU
	EndGlobalSection
	GlobalSection(SolutionProperties) = preSolution
		HideSolutionNode = FALSE
	EndGlobalSection
	GlobalSection(ExtensibilityGlobals) = postSolution
		SolutionGuid = {30DD34FA-2453-4160-A00F-58A8D1233410}
	EndGlobalSection
EndGlobal
